
Microsoft Visual Studio Solution File, Format Version 12.00
# Visual Studio 15
VisualStudioVersion = 15.0.28010.2041
MinimumVisualStudioVersion = 10.0.40219.1
Project("{FAE04EC0-301F-11D3-BF4B-00C04F79EFBC}") = "ReactiveX_Test", "ReactiveX_Test\ReactiveX_Test.csproj", "{7242944D-4D28-471F-8F21-0BD934583DFD}"
EndProject
Global
	GlobalSection(SolutionConfigurationPlatforms) = preSolution
		Debug|Any CPU = Debug|Any CPU
		Release|Any CPU = Release|Any CPU
	EndGlobalSection
	GlobalSection(ProjectConfigurationPlatforms) = postSolution
		{7242944D-4D28-471F-8F21-0BD934583DFD}.Debug|Any CPU.ActiveCfg = Debug|Any CPU
		{7242944D-4D28-471F-8F21-0BD934583DFD}.Debug|Any CPU.Build.0 = Debug|Any CPU
		{7242944D-4D28-471F-8F21-0BD934583DFD}.Release|Any CPU.ActiveCfg = Release|Any CPU
		{7242944D-4D28-471F-8F21-0BD934583DFD}.Release|Any CPU.Build.0 = Release|Any CPU
	EndGlobalSection
	GlobalSection(SolutionProperties) = preSolution
		HideSolutionNode = FALSE
	EndGlobalSection
	GlobalSection(ExtensibilityGlobals) = postSolution
		SolutionGuid = {59245EE3-2D26-48B1-AD62-3909E3212275}
	EndGlobalSection
EndGlobal
